
Microsoft Visual Studio Solution File, Format Version 12.00
Project("{FAE04EC0-301F-11D3-BF4B-00C04F79EFBC}") = "PersonalAssistantAI", "PersonalAssistantAI.csproj", "{938DC207-9428-490F-8EA7-F86339A7AC2D}"
EndProject
Global
	GlobalSection(SolutionConfigurationPlatforms) = preSolution
		Debug|Any CPU = Debug|Any CPU
		Release|Any CPU = Release|Any CPU
	EndGlobalSection
	GlobalSection(ProjectConfigurationPlatforms) = postSolution
		{938DC207-9428-490F-8EA7-F86339A7AC2D}.Debug|Any CPU.ActiveCfg = Debug|Any CPU
		{938DC207-9428-490F-8EA7-F86339A7AC2D}.Debug|Any CPU.Build.0 = Debug|Any CPU
		{938DC207-9428-490F-8EA7-F86339A7AC2D}.Release|Any CPU.ActiveCfg = Release|Any CPU
		{938DC207-9428-490F-8EA7-F86339A7AC2D}.Release|Any CPU.Build.0 = Release|Any CPU
	EndGlobalSection
EndGlobal
